
Microsoft Visual Studio Solution File, Format Version 12.00
# Visual Studio Version 16
VisualStudioVersion = 16.0.31624.102
MinimumVisualStudioVersion = 10.0.40219.1
Project("{FAE04EC0-301F-11D3-BF4B-00C04F79EFBC}") = "FirstApplication", "FirstApplication\FirstApplication.csproj", "{5DE1B822-F34B-4659-9BA7-37E3F9C1B073}"
EndProject
Global
	GlobalSection(SolutionConfigurationPlatforms) = preSolution
		Debug|Any CPU = Debug|Any CPU
		Release|Any CPU = Release|Any CPU
	EndGlobalSection
	GlobalSection(ProjectConfigurationPlatforms) = postSolution
		{5DE1B822-F34B-4659-9BA7-37E3F9C1B073}.Debug|Any CPU.ActiveCfg = Debug|Any CPU
		{5DE1B822-F34B-4659-9BA7-37E3F9C1B073}.Debug|Any CPU.Build.0 = Debug|Any CPU
		{5DE1B822-F34B-4659-9BA7-37E3F9C1B073}.Release|Any CPU.ActiveCfg = Release|Any CPU
		{5DE1B822-F34B-4659-9BA7-37E3F9C1B073}.Release|Any CPU.Build.0 = Release|Any CPU
	EndGlobalSection
	GlobalSection(SolutionProperties) = preSolution
		HideSolutionNode = FALSE
	EndGlobalSection
	GlobalSection(ExtensibilityGlobals) = postSolution
		SolutionGuid = {FD4A52F3-9D49-4047-964C-AE857165B9D6}
	EndGlobalSection
EndGlobal
